{
  "nodes": {
    "flake-utils": {
      "locked": {
        "lastModified": 1667395993,
        "narHash": "sha256-nuEHfE/LcWyuSWnS8t12N1wc105Qtau+/OdUAjtQ0rA=",
        "owner": "numtide",
        "repo": "flake-utils",
        "rev": "5aed5285a952e0b949eb3ba02c12fa4fcfef535f",
        "type": "github"
      },
      "original": {
        "owner": "numtide",
        "repo": "flake-utils",
        "type": "github"
      }
    },
    "n2n": {
      "flake": false,
      "locked": {
        "lastModified": 1673819540,
        "narHash": "sha256-l7/3adSWaZcD3Y3sGQE3fL0TkILNRjkjXgJvu6F9evQ=",
        "owner": "ntop",
        "repo": "n2n",
        "rev": "bfc4c5886d4b53248325f9a7f780b11f025a2453",
        "type": "github"
      },
      "original": {
        "owner": "ntop",
        "ref": "dev",
        "repo": "n2n",
        "type": "github"
      }
    },
    "nixpkgs": {
      "locked": {
        "lastModified": 1674641431,
        "narHash": "sha256-qfo19qVZBP4qn5M5gXc/h1MDgAtPA5VxJm9s8RUAkVk=",
        "owner": "nixos",
        "repo": "nixpkgs",
        "rev": "9b97ad7b4330aacda9b2343396eb3df8a853b4fc",
        "type": "github"
      },
      "original": {
        "owner": "nixos",
        "ref": "nixos-unstable",
        "repo": "nixpkgs",
        "type": "github"
      }
    },
    "root": {
      "inputs": {
        "flake-utils": "flake-utils",
        "n2n": "n2n",
        "nixpkgs": "nixpkgs"
      }
    }
  },
  "root": "root",
  "version": 7
}
