{
  "nodes": {
    "flake-utils": {
      "locked": {
        "lastModified": 1678901627,
        "narHash": "sha256-U02riOqrKKzwjsxc/400XnElV+UtPUQWpANPlyazjH0=",
        "owner": "numtide",
        "repo": "flake-utils",
        "rev": "93a2b84fc4b70d9e089d029deacc3583435c2ed6",
        "type": "github"
      },
      "original": {
        "owner": "numtide",
        "repo": "flake-utils",
        "type": "github"
      }
    },
    "n2n": {
      "flake": false,
      "locked": {
        "lastModified": 1677344594,
        "narHash": "sha256-m+dShFqV1owLBOfTP79hOwPiGf20m3mSKyhbjSEVi+w=",
        "owner": "ntop",
        "repo": "n2n",
        "rev": "709590d66e4aed880b6fc2338d516d20437c17ad",
        "type": "github"
      },
      "original": {
        "owner": "ntop",
        "ref": "dev",
        "repo": "n2n",
        "type": "github"
      }
    },
    "nixpkgs": {
      "locked": {
        "lastModified": 1678898370,
        "narHash": "sha256-xTICr1j+uat5hk9FyuPOFGxpWHdJRibwZC+ATi0RbtE=",
        "owner": "nixos",
        "repo": "nixpkgs",
        "rev": "ac718d02867a84b42522a0ece52d841188208f2c",
        "type": "github"
      },
      "original": {
        "owner": "nixos",
        "ref": "nixos-unstable",
        "repo": "nixpkgs",
        "type": "github"
      }
    },
    "root": {
      "inputs": {
        "flake-utils": "flake-utils",
        "n2n": "n2n",
        "nixpkgs": "nixpkgs"
      }
    }
  },
  "root": "root",
  "version": 7
}
